// !$*UTF8*$!
{
	archiveVersion = 1;
	classes = {
	};
	objectVersion = 77;
	objects = {

/* Begin PBXContainerItemProxy section */
		0F4BC5E92EEBBFF800176BE9 /* PBXContainerItemProxy */ = {
			isa = PBXContainerItemProxy;
			containerPortal = 0F4BC5D32EEBBFF700176BE9 /* Project object */;
			proxyType = 1;
			remoteGlobalIDString = 0F4BC5DA2EEBBFF700176BE9;
			remoteInfo = SwissTimeSwift;
		};
		0F4BC5F32EEBBFF800176BE9 /* PBXContainerItemProxy */ = {
			isa = PBXContainerItemProxy;
			containerPortal = 0F4BC5D32EEBBFF700176BE9 /* Project object */;
			proxyType = 1;
			remoteGlobalIDString = 0F4BC5DA2EEBBFF700176BE9;
			remoteInfo = SwissTimeSwift;
		};
/* End PBXContainerItemProxy section */

/* Begin PBXFileReference section */
		0F4BC5DB2EEBBFF700176BE9 /* SwissTimeSwift.app */ = {isa = PBXFileReference; explicitFileType = wrapper.application; includeInIndex = 0; path = SwissTimeSwift.app; sourceTree = BUILT_PRODUCTS_DIR; };
		0F4BC5E82EEBBFF800176BE9 /* SwissTimeSwiftTests.xctest */ = {isa = PBXFileReference; explicitFileType = wrapper.cfbundle; includeInIndex = 0; path = SwissTimeSwiftTests.xctest; sourceTree = BUILT_PRODUCTS_DIR; };
		0F4BC5F22EEBBFF800176BE9 /* SwissTimeSwiftUITests.xctest */ = {isa = PBXFileReference; explicitFileType = wrapper.cfbundle; includeInIndex = 0; path = SwissTimeSwiftUITests.xctest; sourceTree = BUILT_PRODUCTS_DIR; };
/* End PBXFileReference section */

/* Begin PBXFileSystemSynchronizedRootGroup section */
		0F4BC5DD2EEBBFF700176BE9 /* SwissTimeSwift */ = {
			isa = PBXFileSystemSynchronizedRootGroup;
			path = SwissTimeSwift;
			sourceTree = "<group>";
		};
		0F4BC5EB2EEBBFF800176BE9 /* SwissTimeSwiftTests */ = {
			isa = PBXFileSystemSynchronizedRootGroup;
			path = SwissTimeSwiftTests;
			sourceTree = "<group>";
		};
		0F4BC5F52EEBBFF800176BE9 /* SwissTimeSwiftUITests */ = {
			isa = PBXFileSystemSynchronizedRootGroup;
			path = SwissTimeSwiftUITests;
			sourceTree = "<group>";
		};
		0FD017142F033000000555CA /* docs */ = {
			isa = PBXFileSystemSynchronizedRootGroup;
			path = docs;
			sourceTree = "<group>";
		};
/* End PBXFileSystemSynchronizedRootGroup section */

/* Begin PBXFrameworksBuildPhase section */
		0F4BC5D82EEBBFF700176BE9 /* Frameworks */ = {
			isa = PBXFrameworksBuildPhase;
			buildActionMask = 2147483647;
			files = (
			);
			runOnlyForDeploymentPostprocessing = 0;
		};
		0F4BC5E52EEBBFF800176BE9 /* Frameworks */ = {
			isa = PBXFrameworksBuildPhase;
			buildActionMask = 2147483647;
			files = (
			);
			runOnlyForDeploymentPostprocessing = 0;
		};
		0F4BC5EF2EEBBFF800176BE9 /* Frameworks */ = {
			isa = PBXFrameworksBuildPhase;
			buildActionMask = 2147483647;
			files = (
			);
			runOnlyForDeploymentPostprocessing = 0;
		};
/* End PBXFrameworksBuildPhase section */

/* Begin PBXGroup section */
		0F4BC5D22EEBBFF700176BE9 = {
			isa = PBXGroup;
			children = (
				0FD017142F033000000555CA /* docs */,
				0F4BC5DD2EEBBFF700176BE9 /* SwissTimeSwift */,
				0F4BC5EB2EEBBFF800176BE9 /* SwissTimeSwiftTests */,
				0F4BC5F52EEBBFF800176BE9 /* SwissTimeSwiftUITests */,
				0F4BC5DC2EEBBFF700176BE9 /* Products */,
			);
			sourceTree = "<group>";
		};
		0F4BC5DC2EEBBFF700176BE9 /* Products */ = {
			isa = PBXGroup;
			children = (
				0F4BC5DB2EEBBFF700176BE9 /* SwissTimeSwift.app */,
				0F4BC5E82EEBBFF800176BE9 /* SwissTimeSwiftTests.xctest */,
				0F4BC5F22EEBBFF800176BE9 /* SwissTimeSwiftUITests.xctest */,
			);
			name = Products;
			sourceTree = "<group>";
		};
/* End PBXGroup section */

/* Begin PBXNativeTarget section */
		0F4BC5DA2EEBBFF700176BE9 /* SwissTimeSwift */ = {
			isa = PBXNativeTarget;
			buildConfigurationList = 0F4BC5FC2EEBBFF800176BE9 /* Build configuration list for PBXNativeTarget "SwissTimeSwift" */;
			buildPhases = (
				0F4BC5D72EEBBFF700176BE9 /* Sources */,
				0F4BC5D82EEBBFF700176BE9 /* Frameworks */,
				0F4BC5D92EEBBFF700176BE9 /* Resources */,
			);
			buildRules = (
			);
			dependencies = (
			);
			fileSystemSynchronizedGroups = (
				0F4BC5DD2EEBBFF700176BE9 /* SwissTimeSwift */,
				0FD017142F033000000555CA /* docs */,
			);
			name = SwissTimeSwift;
			packageProductDependencies = (
			);
			productName = SwissTimeSwift;
			productReference = 0F4BC5DB2EEBBFF700176BE9 /* SwissTimeSwift.app */;
			productType = "com.apple.product-type.application";
		};
		0F4BC5E72EEBBFF800176BE9 /* SwissTimeSwiftTests */ = {
			isa = PBXNativeTarget;
			buildConfigurationList = 0F4BC5FF2EEBBFF800176BE9 /* Build configuration list for PBXNativeTarget "SwissTimeSwiftTests" */;
			buildPhases = (
				0F4BC5E42EEBBFF800176BE9 /* Sources */,
				0F4BC5E52EEBBFF800176BE9 /* Frameworks */,
				0F4BC5E62EEBBFF800176BE9 /* Resources */,
			);
			buildRules = (
			);
			dependencies = (
				0F4BC5EA2EEBBFF800176BE9 /* PBXTargetDependency */,
			);
			fileSystemSynchronizedGroups = (
				0F4BC5EB2EEBBFF800176BE9 /* SwissTimeSwiftTests */,
			);
			name = SwissTimeSwiftTests;
			packageProductDependencies = (
			);
			productName = SwissTimeSwiftTests;
			productReference = 0F4BC5E82EEBBFF800176BE9 /* SwissTimeSwiftTests.xctest */;
			productType = "com.apple.product-type.bundle.unit-test";
		};
		0F4BC5F12EEBBFF800176BE9 /* SwissTimeSwiftUITests */ = {
			isa = PBXNativeTarget;
			buildConfigurationList = 0F4BC6022EEBBFF800176BE9 /* Build configuration list for PBXNativeTarget "SwissTimeSwiftUITests" */;
			buildPhases = (
				0F4BC5EE2EEBBFF800176BE9 /* Sources */,
				0F4BC5EF2EEBBFF800176BE9 /* Frameworks */,
				0F4BC5F02EEBBFF800176BE9 /* Resources */,
			);
			buildRules = (
			);
			dependencies = (
				0F4BC5F42EEBBFF800176BE9 /* PBXTargetDependency */,
			);
			fileSystemSynchronizedGroups = (
				0F4BC5F52EEBBFF800176BE9 /* SwissTimeSwiftUITests */,
			);
			name = SwissTimeSwiftUITests;
			packageProductDependencies = (
			);
			productName = SwissTimeSwiftUITests;
			productReference = 0F4BC5F22EEBBFF800176BE9 /* SwissTimeSwiftUITests.xctest */;
			productType = "com.apple.product-type.bundle.ui-testing";
		};
/* End PBXNativeTarget section */

/* Begin PBXProject section */
		0F4BC5D32EEBBFF700176BE9 /* Project object */ = {
			isa = PBXProject;
			attributes = {
				BuildIndependentTargetsInParallel = 1;
				LastSwiftUpdateCheck = 1630;
				LastUpgradeCheck = 1630;
				TargetAttributes = {
					0F4BC5DA2EEBBFF700176BE9 = {
						CreatedOnToolsVersion = 16.3;
					};
					0F4BC5E72EEBBFF800176BE9 = {
						CreatedOnToolsVersion = 16.3;
						TestTargetID = 0F4BC5DA2EEBBFF700176BE9;
					};
					0F4BC5F12EEBBFF800176BE9 = {
						CreatedOnToolsVersion = 16.3;
						TestTargetID = 0F4BC5DA2EEBBFF700176BE9;
					};
				};
			};
			buildConfigurationList = 0F4BC5D62EEBBFF700176BE9 /* Build configuration list for PBXProject "SwissTimeSwift" */;
			developmentRegion = en;
			hasScannedForEncodings = 0;
			knownRegions = (
				en,
				Base,
			);
			mainGroup = 0F4BC5D22EEBBFF700176BE9;
			minimizedProjectReferenceProxies = 1;
			preferredProjectObjectVersion = 77;
			productRefGroup = 0F4BC5DC2EEBBFF700176BE9 /* Products */;
			projectDirPath = "";
			projectRoot = "";
			targets = (
				0F4BC5DA2EEBBFF700176BE9 /* SwissTimeSwift */,
				0F4BC5E72EEBBFF800176BE9 /* SwissTimeSwiftTests */,
				0F4BC5F12EEBBFF800176BE9 /* SwissTimeSwiftUITests */,
			);
		};
/* End PBXProject section */

/* Begin PBXResourcesBuildPhase section */
		0F4BC5D92EEBBFF700176BE9 /* Resources */ = {
			isa = PBXResourcesBuildPhase;
			buildActionMask = 2147483647;
			files = (
			);
			runOnlyForDeploymentPostprocessing = 0;
		};
		0F4BC5E62EEBBFF800176BE9 /* Resources */ = {
			isa = PBXResourcesBuildPhase;
			buildActionMask = 2147483647;
			files = (
			);
			runOnlyForDeploymentPostprocessing = 0;
		};
		0F4BC5F02EEBBFF800176BE9 /* Resources */ = {
			isa = PBXResourcesBuildPhase;
			buildActionMask = 2147483647;
			files = (
			);
			runOnlyForDeploymentPostprocessing = 0;
		};
/* End PBXResourcesBuildPhase section */

/* Begin PBXSourcesBuildPhase section */
		0F4BC5D72EEBBFF700176BE9 /* Sources */ = {
			isa = PBXSourcesBuildPhase;
			buildActionMask = 2147483647;
			files = (
			);
			runOnlyForDeploymentPostprocessing = 0;
		};
		0F4BC5E42EEBBFF800176BE9 /* Sources */ = {
			isa = PBXSourcesBuildPhase;
			buildActionMask = 2147483647;
			files = (
			);
			runOnlyForDeploymentPostprocessing = 0;
		};
		0F4BC5EE2EEBBFF800176BE9 /* Sources */ = {
			isa = PBXSourcesBuildPhase;
			buildActionMask = 2147483647;
			files = (
			);
			runOnlyForDeploymentPostprocessing = 0;
		};
/* End PBXSourcesBuildPhase section */

/* Begin PBXTargetDependency section */
		0F4BC5EA2EEBBFF800176BE9 /* PBXTargetDependency */ = {
			isa = PBXTargetDependency;
			target = 0F4BC5DA2EEBBFF700176BE9 /* SwissTimeSwift */;
			targetProxy = 0F4BC5E92EEBBFF800176BE9 /* PBXContainerItemProxy */;
		};
		0F4BC5F42EEBBFF800176BE9 /* PBXTargetDependency */ = {
			isa = PBXTargetDependency;
			target = 0F4BC5DA2EEBBFF700176BE9 /* SwissTimeSwift */;
			targetProxy = 0F4BC5F32EEBBFF800176BE9 /* PBXContainerItemProxy */;
		};
/* End PBXTargetDependency section */

/* Begin XCBuildConfiguration section */
		0F4BC5FA2EEBBFF800176BE9 /* Debug */ = {
			isa = XCBuildConfiguration;
			buildSettings = {
				ALWAYS_SEARCH_USER_PATHS = NO;
				ASSETCATALOG_COMPILER_GENERATE_SWIFT_ASSET_SYMBOL_EXTENSIONS = YES;
				CLANG_ANALYZER_NONNULL = YES;
				CLANG_ANALYZER_NUMBER_OBJECT_CONVERSION = YES_AGGRESSIVE;
				CLANG_CXX_LANGUAGE_STANDARD = "gnu++20";
				CLANG_ENABLE_MODULES = YES;
				CLANG_ENABLE_OBJC_ARC = YES;
				CLANG_ENABLE_OBJC_WEAK = YES;
				CLANG_WARN_BLOCK_CAPTURE_AUTORELEASING = YES;
				CLANG_WARN_BOOL_CONVERSION = YES;
				CLANG_WARN_COMMA = YES;
				CLANG_WARN_CONSTANT_CONVERSION = YES;
				CLANG_WARN_DEPRECATED_OBJC_IMPLEMENTATIONS = YES;
				CLANG_WARN_DIRECT_OBJC_ISA_USAGE = YES_ERROR;
				CLANG_WARN_DOCUMENTATION_COMMENTS = YES;
				CLANG_WARN_EMPTY_BODY = YES;
				CLANG_WARN_ENUM_CONVERSION = YES;
				CLANG_WARN_INFINITE_RECURSION = YES;
				CLANG_WARN_INT_CONVERSION = YES;
				CLANG_WARN_NON_LITERAL_NULL_CONVERSION = YES;
				CLANG_WARN_OBJC_IMPLICIT_RETAIN_SELF = YES;
				CLANG_WARN_OBJC_LITERAL_CONVERSION = YES;
				CLANG_WARN_OBJC_ROOT_CLASS = YES_ERROR;
				CLANG_WARN_QUOTED_INCLUDE_IN_FRAMEWORK_HEADER = YES;
				CLANG_WARN_RANGE_LOOP_ANALYSIS = YES;
				CLANG_WARN_STRICT_PROTOTYPES = YES;
				CLANG_WARN_SUSPICIOUS_MOVE = YES;
				CLANG_WARN_UNGUARDED_AVAILABILITY = YES_AGGRESSIVE;
				CLANG_WARN_UNREACHABLE_CODE = YES;
				CLANG_WARN__DUPLICATE_METHOD_MATCH = YES;
				COPY_PHASE_STRIP = NO;
				DEBUG_INFORMATION_FORMAT = dwarf;
				DEVELOPMENT_TEAM = GD4G9TGE9T;
				ENABLE_STRICT_OBJC_MSGSEND = YES;
				ENABLE_TESTABILITY = YES;
				ENABLE_USER_SCRIPT_SANDBOXING = YES;
				GCC_C_LANGUAGE_STANDARD = gnu17;
				GCC_DYNAMIC_NO_PIC = NO;
				GCC_NO_COMMON_BLOCKS = YES;
				GCC_OPTIMIZATION_LEVEL = 0;
				GCC_PREPROCESSOR_DEFINITIONS = (
					"DEBUG=1",
					"$(inherited)",
				);
				GCC_WARN_64_TO_32_BIT_CONVERSION = YES;
				GCC_WARN_ABOUT_RETURN_TYPE = YES_ERROR;
				GCC_WARN_UNDECLARED_SELECTOR = YES;
				GCC_WARN_UNINITIALIZED_AUTOS = YES_AGGRESSIVE;
				GCC_WARN_UNUSED_FUNCTION = YES;
				GCC_WARN_UNUSED_VARIABLE = YES;
				IPHONEOS_DEPLOYMENT_TARGET = 18.4;
				LOCALIZATION_PREFERS_STRING_CATALOGS = YES;
				MTL_ENABLE_DEBUG_INFO = INCLUDE_SOURCE;
				MTL_FAST_MATH = YES;
				ONLY_ACTIVE_ARCH = YES;
				SDKROOT = iphoneos;
				SWIFT_ACTIVE_COMPILATION_CONDITIONS = "DEBUG $(inherited)";
				SWIFT_OPTIMIZATION_LEVEL = "-Onone";
			};
			name = Debug;
		};
		0F4BC5FB2EEBBFF800176BE9 /* Release */ = {
			isa = XCBuildConfiguration;
			buildSettings = {
				ALWAYS_SEARCH_USER_PATHS = NO;
				ASSETCATALOG_COMPILER_GENERATE_SWIFT_ASSET_SYMBOL_EXTENSIONS = YES;
				CLANG_ANALYZER_NONNULL = YES;
				CLANG_ANALYZER_NUMBER_OBJECT_CONVERSION = YES_AGGRESSIVE;
				CLANG_CXX_LANGUAGE_STANDARD = "gnu++20";
				CLANG_ENABLE_MODULES = YES;
				CLANG_ENABLE_OBJC_ARC = YES;
				CLANG_ENABLE_OBJC_WEAK = YES;
				CLANG_WARN_BLOCK_CAPTURE_AUTORELEASING = YES;
				CLANG_WARN_BOOL_CONVERSION = YES;
				CLANG_WARN_COMMA = YES;
				CLANG_WARN_CONSTANT_CONVERSION = YES;
				CLANG_WARN_DEPRECATED_OBJC_IMPLEMENTATIONS = YES;
				CLANG_WARN_DIRECT_OBJC_ISA_USAGE = YES_ERROR;
				CLANG_WARN_DOCUMENTATION_COMMENTS = YES;
				CLANG_WARN_EMPTY_BODY = YES;
				CLANG_WARN_ENUM_CONVERSION = YES;
				CLANG_WARN_INFINITE_RECURSION = YES;
				CLANG_WARN_INT_CONVERSION = YES;
				CLANG_WARN_NON_LITERAL_NULL_CONVERSION = YES;
				CLANG_WARN_OBJC_IMPLICIT_RETAIN_SELF = YES;
				CLANG_WARN_OBJC_LITERAL_CONVERSION = YES;
				CLANG_WARN_OBJC_ROOT_CLASS = YES_ERROR;
				CLANG_WARN_QUOTED_INCLUDE_IN_FRAMEWORK_HEADER = YES;
				CLANG_WARN_RANGE_LOOP_ANALYSIS = YES;
				CLANG_WARN_STRICT_PROTOTYPES = YES;
				CLANG_WARN_SUSPICIOUS_MOVE = YES;
				CLANG_WARN_UNGUARDED_AVAILABILITY = YES_AGGRESSIVE;
				CLANG_WARN_UNREACHABLE_CODE = YES;
				CLANG_WARN__DUPLICATE_METHOD_MATCH = YES;
				COPY_PHASE_STRIP = NO;
				DEBUG_INFORMATION_FORMAT = "dwarf-with-dsym";
				DEVELOPMENT_TEAM = GD4G9TGE9T;
				ENABLE_NS_ASSERTIONS = NO;
				ENABLE_STRICT_OBJC_MSGSEND = YES;
				ENABLE_USER_SCRIPT_SANDBOXING = YES;
				GCC_C_LANGUAGE_STANDARD = gnu17;
				GCC_NO_COMMON_BLOCKS = YES;
				GCC_WARN_64_TO_32_BIT_CONVERSION = YES;
				GCC_WARN_ABOUT_RETURN_TYPE = YES_ERROR;
				GCC_WARN_UNDECLARED_SELECTOR = YES;
				GCC_WARN_UNINITIALIZED_AUTOS = YES_AGGRESSIVE;
				GCC_WARN_UNUSED_FUNCTION = YES;
				GCC_WARN_UNUSED_VARIABLE = YES;
				IPHONEOS_DEPLOYMENT_TARGET = 18.4;
				LOCALIZATION_PREFERS_STRING_CATALOGS = YES;
				MTL_ENABLE_DEBUG_INFO = NO;
				MTL_FAST_MATH = YES;
				SDKROOT = iphoneos;
				SWIFT_COMPILATION_MODE = wholemodule;
				VALIDATE_PRODUCT = YES;
			};
			name = Release;
		};
		0F4BC5FD2EEBBFF800176BE9 /* Debug */ = {
			isa = XCBuildConfiguration;
			buildSettings = {
				ASSETCATALOG_COMPILER_APPICON_NAME = AppIcon;
				ASSETCATALOG_COMPILER_GLOBAL_ACCENT_COLOR_NAME = AccentColor;
				CODE_SIGN_STYLE = Automatic;
				CURRENT_PROJECT_VERSION = 1;
				DEVELOPMENT_TEAM = GD4G9TGE9T;
				ENABLE_PREVIEWS = YES;
				GENERATE_INFOPLIST_FILE = YES;
				INFOPLIST_KEY_UIApplicationSceneManifest_Generation = YES;
				INFOPLIST_KEY_UIApplicationSupportsIndirectInputEvents = YES;
				INFOPLIST_KEY_UILaunchScreen_Generation = YES;
				INFOPLIST_KEY_UISupportedInterfaceOrientations_iPad = "UIInterfaceOrientationPortrait UIInterfaceOrientationPortraitUpsideDown UIInterfaceOrientationLandscapeLeft UIInterfaceOrientationLandscapeRight";
				INFOPLIST_KEY_UISupportedInterfaceOrientations_iPhone = "UIInterfaceOrientationPortrait UIInterfaceOrientationLandscapeLeft UIInterfaceOrientationLandscapeRight";
				IPHONEOS_DEPLOYMENT_TARGET = 18.2;
				LD_RUNPATH_SEARCH_PATHS = (
					"$(inherited)",
					"@executable_path/Frameworks",
				);
				MARKETING_VERSION = 1.0;
				PRODUCT_BUNDLE_IDENTIFIER = com.coroutines.SwissTimeSwift;
				PRODUCT_NAME = "$(TARGET_NAME)";
				SWIFT_EMIT_LOC_STRINGS = YES;
				SWIFT_VERSION = 5.0;
				TARGETED_DEVICE_FAMILY = "1,2";
			};
			name = Debug;
		};
		0F4BC5FE2EEBBFF800176BE9 /* Release */ = {
			isa = XCBuildConfiguration;
			buildSettings = {
				ASSETCATALOG_COMPILER_APPICON_NAME = AppIcon;
				ASSETCATALOG_COMPILER_GLOBAL_ACCENT_COLOR_NAME = AccentColor;
				CODE_SIGN_STYLE = Automatic;
				CURRENT_PROJECT_VERSION = 1;
				DEVELOPMENT_TEAM = GD4G9TGE9T;
				ENABLE_PREVIEWS = YES;
				GENERATE_INFOPLIST_FILE = YES;
				INFOPLIST_KEY_UIApplicationSceneManifest_Generation = YES;
				INFOPLIST_KEY_UIApplicationSupportsIndirectInputEvents = YES;
				INFOPLIST_KEY_UILaunchScreen_Generation = YES;
				INFOPLIST_KEY_UISupportedInterfaceOrientations_iPad = "UIInterfaceOrientationPortrait UIInterfaceOrientationPortraitUpsideDown UIInterfaceOrientationLandscapeLeft UIInterfaceOrientationLandscapeRight";
				INFOPLIST_KEY_UISupportedInterfaceOrientations_iPhone = "UIInterfaceOrientationPortrait UIInterfaceOrientationLandscapeLeft UIInterfaceOrientationLandscapeRight";
				IPHONEOS_DEPLOYMENT_TARGET = 18.2;
				LD_RUNPATH_SEARCH_PATHS = (
					"$(inherited)",
					"@executable_path/Frameworks",
				);
				MARKETING_VERSION = 1.0;
				PRODUCT_BUNDLE_IDENTIFIER = com.coroutines.SwissTimeSwift;
				PRODUCT_NAME = "$(TARGET_NAME)";
				SWIFT_EMIT_LOC_STRINGS = YES;
				SWIFT_VERSION = 5.0;
				TARGETED_DEVICE_FAMILY = "1,2";
			};
			name = Release;
		};
		0F4BC6002EEBBFF800176BE9 /* Debug */ = {
			isa = XCBuildConfiguration;
			buildSettings = {
				BUNDLE_LOADER = "$(TEST_HOST)";
				CODE_SIGN_STYLE = Automatic;
				CURRENT_PROJECT_VERSION = 1;
				DEVELOPMENT_TEAM = GD4G9TGE9T;
				GENERATE_INFOPLIST_FILE = YES;
				IPHONEOS_DEPLOYMENT_TARGET = 18.4;
				MARKETING_VERSION = 1.0;
				PRODUCT_BUNDLE_IDENTIFIER = com.coroutines.SwissTimeSwiftTests;
				PRODUCT_NAME = "$(TARGET_NAME)";
				SWIFT_EMIT_LOC_STRINGS = NO;
				SWIFT_VERSION = 5.0;
				TARGETED_DEVICE_FAMILY = "1,2";
				TEST_HOST = "$(BUILT_PRODUCTS_DIR)/SwissTimeSwift.app/$(BUNDLE_EXECUTABLE_FOLDER_PATH)/SwissTimeSwift";
			};
			name = Debug;
		};
		0F4BC6012EEBBFF800176BE9 /* Release */ = {
			isa = XCBuildConfiguration;
			buildSettings = {
				BUNDLE_LOADER = "$(TEST_HOST)";
				CODE_SIGN_STYLE = Automatic;
				CURRENT_PROJECT_VERSION = 1;
				DEVELOPMENT_TEAM = GD4G9TGE9T;
				GENERATE_INFOPLIST_FILE = YES;
				IPHONEOS_DEPLOYMENT_TARGET = 18.4;
				MARKETING_VERSION = 1.0;
				PRODUCT_BUNDLE_IDENTIFIER = com.coroutines.SwissTimeSwiftTests;
				PRODUCT_NAME = "$(TARGET_NAME)";
				SWIFT_EMIT_LOC_STRINGS = NO;
				SWIFT_VERSION = 5.0;
				TARGETED_DEVICE_FAMILY = "1,2";
				TEST_HOST = "$(BUILT_PRODUCTS_DIR)/SwissTimeSwift.app/$(BUNDLE_EXECUTABLE_FOLDER_PATH)/SwissTimeSwift";
			};
			name = Release;
		};
		0F4BC6032EEBBFF800176BE9 /* Debug */ = {
			isa = XCBuildConfiguration;
			buildSettings = {
				CODE_SIGN_STYLE = Automatic;
				CURRENT_PROJECT_VERSION = 1;
				DEVELOPMENT_TEAM = GD4G9TGE9T;
				GENERATE_INFOPLIST_FILE = YES;
				MARKETING_VERSION = 1.0;
				PRODUCT_BUNDLE_IDENTIFIER = com.coroutines.SwissTimeSwiftUITests;
				PRODUCT_NAME = "$(TARGET_NAME)";
				SWIFT_EMIT_LOC_STRINGS = NO;
				SWIFT_VERSION = 5.0;
				TARGETED_DEVICE_FAMILY = "1,2";
				TEST_TARGET_NAME = SwissTimeSwift;
			};
			name = Debug;
		};
		0F4BC6042EEBBFF800176BE9 /* Release */ = {
			isa = XCBuildConfiguration;
			buildSettings = {
				CODE_SIGN_STYLE = Automatic;
				CURRENT_PROJECT_VERSION = 1;
				DEVELOPMENT_TEAM = GD4G9TGE9T;
				GENERATE_INFOPLIST_FILE = YES;
				MARKETING_VERSION = 1.0;
				PRODUCT_BUNDLE_IDENTIFIER = com.coroutines.SwissTimeSwiftUITests;
				PRODUCT_NAME = "$(TARGET_NAME)";
				SWIFT_EMIT_LOC_STRINGS = NO;
				SWIFT_VERSION = 5.0;
				TARGETED_DEVICE_FAMILY = "1,2";
				TEST_TARGET_NAME = SwissTimeSwift;
			};
			name = Release;
		};
/* End XCBuildConfiguration section */

/* Begin XCConfigurationList section */
		0F4BC5D62EEBBFF700176BE9 /* Build configuration list for PBXProject "SwissTimeSwift" */ = {
			isa = XCConfigurationList;
			buildConfigurations = (
				0F4BC5FA2EEBBFF800176BE9 /* Debug */,
				0F4BC5FB2EEBBFF800176BE9 /* Release */,
			);
			defaultConfigurationIsVisible = 0;
			defaultConfigurationName = Release;
		};
		0F4BC5FC2EEBBFF800176BE9 /* Build configuration list for PBXNativeTarget "SwissTimeSwift" */ = {
			isa = XCConfigurationList;
			buildConfigurations = (
				0F4BC5FD2EEBBFF800176BE9 /* Debug */,
				0F4BC5FE2EEBBFF800176BE9 /* Release */,
			);
			defaultConfigurationIsVisible = 0;
			defaultConfigurationName = Release;
		};
		0F4BC5FF2EEBBFF800176BE9 /* Build configuration list for PBXNativeTarget "SwissTimeSwiftTests" */ = {
			isa = XCConfigurationList;
			buildConfigurations = (
				0F4BC6002EEBBFF800176BE9 /* Debug */,
				0F4BC6012EEBBFF800176BE9 /* Release */,
			);
			defaultConfigurationIsVisible = 0;
			defaultConfigurationName = Release;
		};
		0F4BC6022EEBBFF800176BE9 /* Build configuration list for PBXNativeTarget "SwissTimeSwiftUITests" */ = {
			isa = XCConfigurationList;
			buildConfigurations = (
				0F4BC6032EEBBFF800176BE9 /* Debug */,
				0F4BC6042EEBBFF800176BE9 /* Release */,
			);
			defaultConfigurationIsVisible = 0;
			defaultConfigurationName = Release;
		};
/* End XCConfigurationList section */
	};
	rootObject = 0F4BC5D32EEBBFF700176BE9 /* Project object */;
}
